# This file is automatically @generated by Poetry 2.1.3 and should not be changed by hand.

[[package]]
name = "annotated-types"
version = "0.7.0"
description = "Reusable constraint types to use with typing.Annotated"
optional = false
python-versions = ">=3.8"
groups = ["main"]
files = [
    {file = "annotated_types-0.7.0-py3-none-any.whl", hash = "sha256:1f02e8b43a8fbbc3f3e0d4f0f4bfc8131bcb4eebe8849b8e5c773f3a1c582a53"},
    {file = "annotated_types-0.7.0.tar.gz", hash = "sha256:aff07c09a53a08bc8cfccb9c85b05f1aa9a2a6f23728d790723543408344ce89"},
]

[[package]]
name = "bleach"
version = "6.3.0"
description = "An easy safelist-based HTML-sanitizing tool."
optional = false
python-versions = ">=3.10"
groups = ["main"]
files = [
    {file = "bleach-6.3.0-py3-none-any.whl", hash = "sha256:fe10ec77c93ddf3d13a73b035abaac7a9f5e436513864ccdad516693213c65d6"},
    {file = "bleach-6.3.0.tar.gz", hash = "sha256:6f3b91b1c0a02bb9a78b5a454c92506aa0fdf197e1d5e114d2e00c6f64306d22"},
]

[package.dependencies]
webencodings = "*"

[package.extras]
css = ["tinycss2 (>=1.1.0,<1.5)"]

[[package]]
name = "cloudevents"
version = "1.12.0"
description = "CloudEvents Python SDK"
optional = false
python-versions = "*"
groups = ["main"]
files = [
    {file = "cloudevents-1.12.0-py3-none-any.whl", hash = "sha256:49196267f5f963d87ae156f93fc0fa32f4af69485f2c8e62e0db8b0b4b8b8921"},
    {file = "cloudevents-1.12.0.tar.gz", hash = "sha256:ebd5544ceb58c8378a0787b657a2ae895e929b80a82d6675cba63f0e8c5539e0"},
]

[package.dependencies]
deprecation = ">=2.0,<3.0"

[package.extras]
pydantic = ["pydantic (>=1.0.0,<3.0)"]

[[package]]
name = "deprecation"
version = "2.1.0"
description = "A library to handle automated deprecations"
optional = false
python-versions = "*"
groups = ["main"]
files = [
    {file = "deprecation-2.1.0-py2.py3-none-any.whl", hash = "sha256:a10811591210e1fb0e768a8c25517cabeabcba6f0bf96564f8ff45189f90b14a"},
    {file = "deprecation-2.1.0.tar.gz", hash = "sha256:72b3bde64e5d778694b0cf68178aed03d15e15477116add3fb773e581f9518ff"},
]

[package.dependencies]
packaging = "*"

[[package]]
name = "packaging"
version = "26.0"
description = "Core utilities for Python packages"
optional = false
python-versions = ">=3.8"
groups = ["main"]
files = [
    {file = "packaging-26.0-py3-none-any.whl", hash = "sha256:b36f1fef9334a5588b4166f8bcd26a14e521f2b55e6b9de3aaa80d3ff7a37529"},
    {file = "packaging-26.0.tar.gz", hash = "sha256:00243ae351a257117b6a241061796684b084ed1c516a08c48a3f7e147a9d80b4"},
]

[[package]]
name = "pika"
version = "1.3.2"
description = "Pika Python AMQP Client Library"
optional = false
python-versions = ">=3.7"
groups = ["main"]
files = [
    {file = "pika-1.3.2-py3-none-any.whl", hash = "sha256:0779a7c1fafd805672796085560d290213a465e4f6f76a6fb19e378d8041a14f"},
    {file = "pika-1.3.2.tar.gz", hash = "sha256:b2a327ddddf8570b4965b3576ac77091b850262d34ce8c1d8cb4e4146aa4145f"},
]

[package.extras]
gevent = ["gevent"]
tornado = ["tornado"]
twisted = ["twisted"]

[[package]]
name = "py-svg-hush"
version = "0.3.0"
description = ""
optional = false
python-versions = ">=3.10"
groups = ["main"]
files = [
    {file = "py_svg_hush-0.3.0-cp310-cp310-manylinux_2_17_aarch64.manylinux2014_aarch64.whl", hash = "sha256:e77e3b7ddbc1cbbc31bd953bc0c6f53804cde9cf55d90baa3226df9706f0c21a"},
    {file = "py_svg_hush-0.3.0-cp310-cp310-manylinux_2_17_armv7l.manylinux2014_armv7l.whl", hash = "sha256:7ddf7bcbcbca64208e15097bbafc013211fc241c9747c20d368f3e4042083ace"},
    {file = "py_svg_hush-0.3.0-cp310-cp310-manylinux_2_17_ppc64le.manylinux2014_ppc64le.whl", hash = "sha256:bdc2a0f826c2307e4889ad2c667ee95eaf0a2d80a7177d942deaf42ea5d5b136"},
    {file = "py_svg_hush-0.3.0-cp310-cp310-manylinux_2_17_s390x.manylinux2014_s390x.whl", hash = "sha256:fa8d4c57699d2f90052226eda39ad7ebf21a52127afa07e06a9a7f535effc0ec"},
    {file = "py_svg_hush-0.3.0-cp310-cp310-manylinux_2_17_x86_64.manylinux2014_x86_64.whl", hash = "sha256:3d60295255c3f1676d05cfad18fdc017e9413e2c35303ebc14770e211596225c"},
    {file = "py_svg_hush-0.3.0-cp310-cp310-manylinux_2_5_i686.manylinux1_i686.whl", hash = "sha256:4493d788ffdde279040a15255995ff262c1cf55dbf3cc85833c38e432697f11a"},
    {file = "py_svg_hush-0.3.0-cp310-cp310-musllinux_1_2_aarch64.whl", hash = "sha256:de1bc7c035a9ea6a896af992c5c27e7cbf4b2a3ab6139e1df3b5abae389be496"},
    {file = "py_svg_hush-0.3.0-cp310-cp310-musllinux_1_2_armv7l.whl", hash = "sha256:6f2234d49d6b43a14020bd842afe0e08ace69a4d7f05c17fcb3773c782f0f704"},
    {file = "py_svg_hush-0.3.0-cp310-cp310-musllinux_1_2_i686.whl", hash = "sha256:ce7d76cb1ecb4ed1e3c616a1a02630475e2434a3d31b6d444960da2fec083d43"},
    {file = "py_svg_hush-0.3.0-cp310-cp310-musllinux_1_2_x86_64.whl", hash = "sha256:7cf3144279bfdd3d66a7c694ae51abbc4e94aafdacecf397ed91f5ca83d67166"},
    {file = "py_svg_hush-0.3.0-cp310-cp310-win_amd64.whl", hash = "sha256:57f10c9839d180f65bbe687b815f71e1dace26dc4dd4f93bca696322372c3243"},
    {file = "py_svg_hush-0.3.0-cp311-cp311-macosx_10_12_x86_64.whl", hash = "sha256:4db9806ac651c72e4f35ec893f71fae8334b13f9248baac1d567c81c75daf718"},
    {file = "py_svg_hush-0.3.0-cp311-cp311-macosx_11_0_arm64.whl", hash = "sha256:14364eaeaf8b4d7ec8e496b0eb511323ee1cd93fbfbdd96874399a006eebbf9b"},
    {file = "py_svg_hush-0.3.0-cp311-cp311-manylinux_2_17_aarch64.manylinux2014_aarch64.whl", hash = "sha256:45863ac0598eedfd9798bc9a332cb834d817e979b52c5fb7572b90d17376132b"},
    {file = "py_svg_hush-0.3.0-cp311-cp311-manylinux_2_17_armv7l.manylinux2014_armv7l.whl", hash = "sha256:f04377e76b74ca4b1ea3b87c43432a4947f0e2c46669e5b09c2f395a1741e2f9"},
    {file = "py_svg_hush-0.3.0-cp311-cp311-manylinux_2_17_ppc64le.manylinux2014_ppc64le.whl", hash = "sha256:57128b3f18190f22b78ea581bf523a5db3d451363bd3a287efad87b5fdb6dce7"},
    {file = "py_svg_hush-0.3.0-cp311-cp311-manylinux_2_17_s390x.manylinux2014_s390x.whl", hash = "sha256:3eb8c8fb40f7dcb1837725addaa2dee23ec12bebc7f87525bb74c55509a46cda"},
    {file = "py_svg_hush-0.3.0-cp311-cp311-manylinux_2_17_x86_64.manylinux2014_x86_64.whl", hash = "sha256:a7832fc8d3dad3153cef911c54dfc1946858f973f0e5d5e9f9caf801d4b7fb8c"},
    {file = "py_svg_hush-0.3.0-cp311-cp311-manylinux_2_5_i686.manylinux1_i686.whl", hash = "sha256:94e8ae826531b53ad2605f0ee701c7ee31206ed271a639483a11189391bc968b"},
    {file = "py_svg_hush-0.3.0-cp311-cp311-musllinux_1_2_aarch64.whl", hash = "sha256:b66446edda73bd32e9f66f1d6ed8bb0054fb2236be816c0e0c82eb492e73fa34"},
    {file = "py_svg_hush-0.3.0-cp311-cp311-musllinux_1_2_armv7l.whl", hash = "sha256:46bbaad075d750dabf72c5749dbff34557c6d4a599bb2887f08fab03cf563910"},
    {file = "py_svg_hush-0.3.0-cp311-cp311-musllinux_1_2_i686.whl", hash = "sha256:8088e19539224c82f429a7f2fdf08aae2b69f08da850f3b4962c284f59c38525"},
    {file = "py_svg_hush-0.3.0-cp311-cp311-musllinux_1_2_x86_64.whl", hash = "sha256:383df26d993a1266f3be4eea2d2a1dbc5e19714045565f11afd34afcb0cfae41"},
    {file = "py_svg_hush-0.3.0-cp311-cp311-win_amd64.whl", hash = "sha256:61a5077218c7e779f6fe350bbfd952a3d933e056623c253b534dc4a85e368fa8"},
    {file = "py_svg_hush-0.3.0-cp312-cp312-macosx_10_12_x86_64.whl", hash = "sha256:dfd2595eec82cf05531cfa54c35c633f666b24e706fd1c6fa76619e3cf023c43"},
    {file = "py_svg_hush-0.3.0-cp312-cp312-macosx_11_0_arm64.whl", hash = "sha256:4bbb36260e857feba9d917029d9f14cd6b273d95296eb252fd843c6bc8aa526f"},
    {file = "py_svg_hush-0.3.0-cp312-cp312-manylinux_2_17_aarch64.manylinux2014_aarch64.whl", hash = "sha256:32a2642955ea1e7e301636fffe5da2a6d813a377270f7b832d7e802eb0749cc4"},
    {file = "py_svg_hush-0.3.0-cp312-cp312-manylinux_2_17_armv7l.manylinux2014_armv7l.whl", hash = "sha256:f4c44ddee69b9f746353089e91fdfa8fdbeaf859b7662e20120748a8cd731cf3"},
    {file = "py_svg_hush-0.3.0-cp312-cp312-manylinux_2_17_ppc64le.manylinux2014_ppc64le.whl", hash = "sha256:08c8264bc472adad7d758f6634779314992a19b711f868ddfc42b6ec4d8f0c37"},
    {file = "py_svg_hush-0.3.0-cp312-cp312-manylinux_2_17_s390x.manylinux2014_s390x.whl", hash = "sha256:bd17b129cb71cb54c91bcc13aeb8f5296057e6f8592bf2aaacdea287e2e93bde"},
    {file = "py_svg_hush-0.3.0-cp312-cp312-manylinux_2_17_x86_64.manylinux2014_x86_64.whl", hash = "sha256:4e27b6c31c01d5c712451067492a40aa3629e02822709939e5436f503210fec2"},
    {file = "py_svg_hush-0.3.0-cp312-cp312-manylinux_2_5_i686.manylinux1_i686.whl", hash = "sha256:0331e35cefa186d9ed7ecfccbe4818a0e4a1a6ff85577ddc6a67ceecb5d57c8b"},
    {file = "py_svg_hush-0.3.0-cp312-cp312-musllinux_1_2_aarch64.whl", hash = "sha256:a9d350e14c386af6d9e898baa62c940e6ed8081e8979b128236d554b505b978a"},
    {file = "py_svg_hush-0.3.0-cp312-cp312-musllinux_1_2_armv7l.whl", hash = "sha256:dbe185e84d490733d638f5fe133913529d30d2aad9d081ec7d0f70dac1bb2651"},
    {file = "py_svg_hush-0.3.0-cp312-cp312-musllinux_1_2_i686.whl", hash = "sha256:3695133c10fd8c30424d90db9f73de04c546d6326c8f5131a7a9924708f9a94a"},
    {file = "py_svg_hush-0.3.0-cp312-cp312-musllinux_1_2_x86_64.whl", hash = "sha256:0567fe751c9e645c5e5dd3d1168f3e969fe7af3b1ce39d73f435c8f6e2b9122b"},
    {file = "py_svg_hush-0.3.0-cp312-cp312-win_amd64.whl", hash = "sha256:e4d3052d144ddfb2e758eb015b291409a18dcd422ac02ac70a4e4cd3d3dcfc94"},
    {file = "py_svg_hush-0.3.0-cp312-cp312-win_arm64.whl", hash = "sha256:c84d6e3ced603906c48808194bd296b5752bc6ee446d887491cd413ad19f04ee"},
    {file = "py_svg_hush-0.3.0-cp313-cp313-macosx_10_12_x86_64.whl", hash = "sha256:bcc550947053640625e75eb907ac8383df6eba5161c8c2e0f627d217b024728b"},
    {file = "py_svg_hush-0.3.0-cp313-cp313-macosx_11_0_arm64.whl", hash = "sha256:841ae918649a2c6f13e9003861de35d9b91d10e499085bec09200ddb1dbc2cff"},
    {file = "py_svg_hush-0.3.0-cp313-cp313-manylinux_2_17_aarch64.manylinux2014_aarch64.whl", hash = "sha256:af2b3492525e99a73b3d96d82ebe584c434e6d656dd8c592c6df536595ce190b"},
    {file = "py_svg_hush-0.3.0-cp313-cp313-manylinux_2_17_armv7l.manylinux2014_armv7l.whl", hash = "sha256:2e109cd2a181b7b6df06106f45888a586ba5608d1afaa3ae3f9eb68385640394"},
    {file = "py_svg_hush-0.3.0-cp313-cp313-manylinux_2_17_ppc64le.manylinux2014_ppc64le.whl", hash = "sha256:073e593e2df65bff3270146d3fc913a71f1a46e016fbd85ed8c33ec0cfee3345"},
    {file = "py_svg_hush-0.3.0-cp313-cp313-manylinux_2_17_s390x.manylinux2014_s390x.whl", hash = "sha256:0c291b9f19f968af34f69a557412d0a44d453ff2ee865f3397bb24e2237245e1"},
    {file = "py_svg_hush-0.3.0-cp313-cp313-manylinux_2_17_x86_64.manylinux2014_x86_64.whl", hash = "sha256:d7ec2a7ed8365e4cf442ec15bf26cc1316a157ad81e456253d8d30d2387ea21b"},
    {file = "py_svg_hush-0.3.0-cp313-cp313-manylinux_2_5_i686.manylinux1_i686.whl", hash = "sha256:740d9e387b6623deb85be92ab1c90efc695cd9a5171d42f3e4ef3ce7e14685e1"},
    {file = "py_svg_hush-0.3.0-cp313-cp313-musllinux_1_2_aarch64.whl", hash = "sha256:a2b6556ad41ac999d1a1698701693e3a9397b69d96637591aabf836de6271fde"},
    {file = "py_svg_hush-0.3.0-cp313-cp313-musllinux_1_2_armv7l.whl", hash = "sha256:84a46f2cc8e3438e633a4e9abfe46cad40f98ef944f2cbdde0ea40df5bafa1a4"},
    {file = "py_svg_hush-0.3.0-cp313-cp313-musllinux_1_2_i686.whl", hash = "sha256:dfb180406776c1987f5627772b55df24d6210174ae99c40afa0cc7a4ed9835ac"},
    {file = "py_svg_hush-0.3.0-cp313-cp313-musllinux_1_2_x86_64.whl", hash = "sha256:994cd151e914a55f42fd23743fbb3d6a508b9acb039a90d98708a7b3d4632409"},
    {file = "py_svg_hush-0.3.0-cp313-cp313-win_amd64.whl", hash = "sha256:be3be4794e755a60be23d19cfec871fb77eee49aaae559587dae2ef5c575c947"},
    {file = "py_svg_hush-0.3.0-cp313-cp313-win_arm64.whl", hash = "sha256:d7c44e275cb33e1608bb944da7a352bf761d57c75ae9c03a640c4dddbe4c7da5"},
    {file = "py_svg_hush-0.3.0-cp313-cp313t-manylinux_2_17_aarch64.manylinux2014_aarch64.whl", hash = "sha256:e9f32dddddaa9fb9e71013c8d5996d2e78f4c24ddef98a35c027b487a3b4c471"},
    {file = "py_svg_hush-0.3.0-cp313-cp313t-manylinux_2_17_armv7l.manylinux2014_armv7l.whl", hash = "sha256:beb61cc1db560690eeecad29a0ef3b7680bae3887f9a961b340995b2c53c25ae"},
    {file = "py_svg_hush-0.3.0-cp313-cp313t-manylinux_2_17_ppc64le.manylinux2014_ppc64le.whl", hash = "sha256:8ba79db7b95c8a3939783a6213eadcc6c724a95702b0fc92376e75e8ab12969a"},
    {file = "py_svg_hush-0.3.0-cp313-cp313t-manylinux_2_17_s390x.manylinux2014_s390x.whl", hash = "sha256:0febda4df09e30973d7eca63cbec597b6269bd0119dd1982e6fee9ff9b5b60f2"},
    {file = "py_svg_hush-0.3.0-cp313-cp313t-musllinux_1_2_aarch64.whl", hash = "sha256:fdb6a371a8711276a89e9ebcb52e51a86590fe88c882ac443a8ca3227da3d757"},
    {file = "py_svg_hush-0.3.0-cp313-cp313t-musllinux_1_2_armv7l.whl", hash = "sha256:5859f432fd9f8954a493a9ac4e178525cb969bac6f1ff896d1bce526d823f036"},
    {file = "py_svg_hush-0.3.0-cp313-cp313t-musllinux_1_2_i686.whl", hash = "sha256:0ba170a124468ff117d81d3cab1b881a7cbdda5d6771e13f6340fbc80350e73c"},
    {file = "py_svg_hush-0.3.0-cp313-cp313t-musllinux_1_2_x86_64.whl", hash = "sha256:ebe5bc8aff7f4eb7aecc3b6f26753c4921440288529878c53c1e56cb4c4af1ff"},
    {file = "py_svg_hush-0.3.0-cp314-cp314-macosx_10_12_x86_64.whl", hash = "sha256:2ae786c380c85f49d02e7fba3211cdfbeed29fd2f317e73762f5cd79af040a00"},
    {file = "py_svg_hush-0.3.0-cp314-cp314-macosx_11_0_arm64.whl", hash = "sha256:982661b6ab9c2c0976a64f0aef34c28a2b9ad4ba128126cc18bfae831ebdd75e"},
    {file = "py_svg_hush-0.3.0-cp314-cp314-manylinux_2_17_aarch64.manylinux2014_aarch64.whl", hash = "sha256:3ab97dddbdf2e0b63357956db71ecf08e8fcb73c83c63cfb9dc081bd1d9778af"},
    {file = "py_svg_hush-0.3.0-cp314-cp314-manylinux_2_17_armv7l.manylinux2014_armv7l.whl", hash = "sha256:e822abf23656d6fbf52b29b864638ed8871e3f974dc8bf914bdabde91e9ba573"},
    {file = "py_svg_hush-0.3.0-cp314-cp314-manylinux_2_17_ppc64le.manylinux2014_ppc64le.whl", hash = "sha256:0d8e369c6868843eff64827466e8737a2621cbf5382fb0c45cc134b23be32486"},
    {file = "py_svg_hush-0.3.0-cp314-cp314-manylinux_2_17_s390x.manylinux2014_s390x.whl", hash = "sha256:ded2a2e2566d82968e9a641055b58fd02b47109002f262244a917eaf7ea2bd38"},
    {file = "py_svg_hush-0.3.0-cp314-cp314-manylinux_2_17_x86_64.manylinux2014_x86_64.whl", hash = "sha256:40ae03e220819db8340a60ba0e87a135ce8c9cb6572276077071d2a9fac38f32"},
    {file = "py_svg_hush-0.3.0-cp314-cp314-manylinux_2_5_i686.manylinux1_i686.whl", hash = "sha256:86f3aee1a4bf4fb0b445e8e54682d8df946e6a48cf981e15cf86f2f0e8c9cf4f"},
    {file = "py_svg_hush-0.3.0-cp314-cp314-musllinux_1_2_aarch64.whl", hash = "sha256:81d1ae48064c461bf099a59f7df8c7e0c25c004828dbedf2684b3026ae9e7b53"},
    {file = "py_svg_hush-0.3.0-cp314-cp314-musllinux_1_2_armv7l.whl", hash = "sha256:386d773e09b9bbb8a10dc43a08c5d67bc3ce400101c23c34ed0917f932f5f2c8"},
    {file = "py_svg_hush-0.3.0-cp314-cp314-musllinux_1_2_i686.whl", hash = "sha256:ec2465c73a2c845c82dd2b4bbc190c7872c8628575453fa2d2275610733bd0f8"},
    {file = "py_svg_hush-0.3.0-cp314-cp314-musllinux_1_2_x86_64.whl", hash = "sha256:6025b4650e2a66e09cdadc7b3f90ed8e343da459328ce55bd99691e342b11c53"},
    {file = "py_svg_hush-0.3.0-cp314-cp314-win32.whl", hash = "sha256:91ff3452ba6708675d375ab06ec47689479111dfa4a0952c3a673ba1e00fee76"},
    {file = "py_svg_hush-0.3.0-cp314-cp314-win_amd64.whl", hash = "sha256:b51bdaff9a3f59c471d077e853530a28023a227287f6397bbb27c5273a28d1f4"},
    {file = "py_svg_hush-0.3.0-cp314-cp314-win_arm64.whl", hash = "sha256:c24b9bf22619dd205c420a5211740efc8b792e0291d8541b2e83f4046759ae17"},
    {file = "py_svg_hush-0.3.0-cp314-cp314t-manylinux_2_17_aarch64.manylinux2014_aarch64.whl", hash = "sha256:9c74254fa7d85606e6a542f0a4cd0b7b58dd2af3ed6a3b55b272d75d9baaa7ab"},
    {file = "py_svg_hush-0.3.0-cp314-cp314t-manylinux_2_17_armv7l.manylinux2014_armv7l.whl", hash = "sha256:bfc42c8aad9d26cfcf542025cc997398a874bd4232685be8a1d50b1acfd4d673"},
    {file = "py_svg_hush-0.3.0-cp314-cp314t-manylinux_2_17_ppc64le.manylinux2014_ppc64le.whl", hash = "sha256:fa4f377086b5b6ddf82cccc1e8ef31cfb325e0ca62554878e74d4925ceb30483"},
    {file = "py_svg_hush-0.3.0-cp314-cp314t-manylinux_2_17_s390x.manylinux2014_s390x.whl", hash = "sha256:ccd0e7b0675ac0d026092d150ad7e0ad9b7af1ced1a4ea16734772b1f9bfef33"},
    {file = "py_svg_hush-0.3.0-cp314-cp314t-musllinux_1_2_aarch64.whl", hash = "sha256:42465e18522c5e81ca4aa928b1be4da127b50c2a1769c822f444fb9130e9a060"},
    {file = "py_svg_hush-0.3.0-cp314-cp314t-musllinux_1_2_armv7l.whl", hash = "sha256:ba8bacb267b56e0a45f8e0d466e92db7c0ee2266571cc0e3dbf626676f026144"},
    {file = "py_svg_hush-0.3.0-cp314-cp314t-musllinux_1_2_i686.whl", hash = "sha256:090edf38f0fefb0c8ece488cccd6d7bc8825379a5f00415a41cf7b0cbe7605aa"},
    {file = "py_svg_hush-0.3.0-cp314-cp314t-musllinux_1_2_x86_64.whl", hash = "sha256:6eef27b58bdf92f00acf7c5dc4097586955b63abf030851323885adfc01368eb"},
    {file = "py_svg_hush-0.3.0-pp311-pypy311_pp73-manylinux_2_17_aarch64.manylinux2014_aarch64.whl", hash = "sha256:93030a073deae69ee7a18c1bd52a5349373ba353cdb7c6ecc6cb18d27586520b"},
    {file = "py_svg_hush-0.3.0-pp311-pypy311_pp73-manylinux_2_17_armv7l.manylinux2014_armv7l.whl", hash = "sha256:7dc1e575e3dfc9968c8bf9b8543d2a54ee4f8fedaa4f96c6864df8a1e0193df0"},
    {file = "py_svg_hush-0.3.0-pp311-pypy311_pp73-manylinux_2_17_ppc64le.manylinux2014_ppc64le.whl", hash = "sha256:0d398bd6bbe5bb4884fa239a66c1e3e2bce631157ac6e7dc827f45f456d41355"},
    {file = "py_svg_hush-0.3.0-pp311-pypy311_pp73-manylinux_2_17_s390x.manylinux2014_s390x.whl", hash = "sha256:a70a1220f3569fd20e3b74f7bdb4e0f04cc5337dbcd03123573e9f3e46328573"},
    {file = "py_svg_hush-0.3.0-pp311-pypy311_pp73-manylinux_2_17_x86_64.manylinux2014_x86_64.whl", hash = "sha256:b83270137b56885add983193260435a73f355ae17be95fd76aca321cd44df9c1"},
    {file = "py_svg_hush-0.3.0-pp311-pypy311_pp73-manylinux_2_5_i686.manylinux1_i686.whl", hash = "sha256:50fc29b0b8d79dcea601c4d930bb01dae49404ab0f200e502f233ac053f0dfaf"},
    {file = "py_svg_hush-0.3.0-pp311-pypy311_pp73-musllinux_1_2_aarch64.whl", hash = "sha256:98bb68144cd0606f469498b524ebe23cd0d25c9f20795fd205e61c539ed44597"},
    {file = "py_svg_hush-0.3.0-pp311-pypy311_pp73-musllinux_1_2_armv7l.whl", hash = "sha256:79f124dad3eff9ff3a6c67414359d04ca559a061f7b3942281f696309320ec9d"},
    {file = "py_svg_hush-0.3.0-pp311-pypy311_pp73-musllinux_1_2_i686.whl", hash = "sha256:535427278b0c8bb75bc982ff59e8451a89e9804c630d928eec8f3e2ea8473fd2"},
    {file = "py_svg_hush-0.3.0-pp311-pypy311_pp73-musllinux_1_2_x86_64.whl", hash = "sha256:bd6fe832f01cbad795ad71b6900c21378fc4b87a9b754d2adc8da0f878bcc511"},
    {file = "py_svg_hush-0.3.0.tar.gz", hash = "sha256:2fa88bc467a655f0040f581b48e0449be1cd5b95cac3669b4ff17e5107243b8a"},
]

[package.extras]
dev = ["maturin (==1.11.5)", "pip (>=24.2)", "pytest (==8.3.3)", "ruff (==0.11.0)"]

[[package]]
name = "pydantic"
version = "2.12.5"
description = "Data validation using Python type hints"
optional = false
python-versions = ">=3.9"
groups = ["main"]
files = [
    {file = "pydantic-2.12.5-py3-none-any.whl", hash = "sha256:e561593fccf61e8a20fc46dfc2dfe075b8be7d0188df33f221ad1f0139180f9d"},
    {file = "pydantic-2.12.5.tar.gz", hash = "sha256:4d351024c75c0f085a9febbb665ce8c0c6ec5d30e903bdb6394b7ede26aebb49"},
]

[package.dependencies]
annotated-types = ">=0.6.0"
pydantic-core = "2.41.5"
typing-extensions = ">=4.14.1"
typing-inspection = ">=0.4.2"

[package.extras]
email = ["email-validator (>=2.0.0)"]
timezone = ["tzdata ; python_version >= \"3.9\" and platform_system == \"Windows\""]

[[package]]
name = "pydantic-core"
version = "2.41.5"
description = "Core functionality for Pydantic validation and serialization"
optional = false
python-versions = ">=3.9"
groups = ["main"]
files = [
    {file = "pydantic_core-2.41.5-cp310-cp310-macosx_10_12_x86_64.whl", hash = "sha256:77b63866ca88d804225eaa4af3e664c5faf3568cea95360d21f4725ab6e07146"},
    {file = "pydantic_core-2.41.5-cp310-cp310-macosx_11_0_arm64.whl", hash = "sha256:dfa8a0c812ac681395907e71e1274819dec685fec28273a28905df579ef137e2"},
    {file = "pydantic_core-2.41.5-cp310-cp310-manylinux_2_17_aarch64.manylinux2014_aarch64.whl", hash = "sha256:5921a4d3ca3aee735d9fd163808f5e8dd6c6972101e4adbda9a4667908849b97"},
    {file = "pydantic_core-2.41.5-cp310-cp310-manylinux_2_17_armv7l.manylinux2014_armv7l.whl", hash = "sha256:e25c479382d26a2a41b7ebea1043564a937db462816ea07afa8a44c0866d52f9"},
    {file = "pydantic_core-2.41.5-cp310-cp310-manylinux_2_17_ppc64le.manylinux2014_ppc64le.whl", hash = "sha256:f547144f2966e1e16ae626d8ce72b4cfa0caedc7fa28052001c94fb2fcaa1c52"},
    {file = "pydantic_core-2.41.5-cp310-cp310-manylinux_2_17_s390x.manylinux2014_s390x.whl", hash = "sha256:6f52298fbd394f9ed112d56f3d11aabd0d5bd27beb3084cc3d8ad069483b8941"},
    {file = "pydantic_core-2.41.5-cp310-cp310-manylinux_2_17_x86_64.manylinux2014_x86_64.whl", hash = "sha256:100baa204bb412b74fe285fb0f3a385256dad1d1879f0a5cb1499ed2e83d132a"},
    {file = "pydantic_core-2.41.5-cp310-cp310-manylinux_2_5_i686.manylinux1_i686.whl", hash = "sha256:05a2c8852530ad2812cb7914dc61a1125dc4e06252ee98e5638a12da6cc6fb6c"},
    {file = "pydantic_core-2.41.5-cp310-cp310-musllinux_1_1_aarch64.whl", hash = "sha256:29452c56df2ed968d18d7e21f4ab0ac55e71dc59524872f6fc57dcf4a3249ed2"},
    {file = "pydantic_core-2.41.5-cp310-cp310-musllinux_1_1_armv7l.whl", hash = "sha256:d5160812ea7a8a2ffbe233d8da666880cad0cbaf5d4de74ae15c313213d62556"},
    {file = "pydantic_core-2.41.5-cp310-cp310-musllinux_1_1_x86_64.whl", hash = "sha256:df3959765b553b9440adfd3c795617c352154e497a4eaf3752555cfb5da8fc49"},
    {file = "pydantic_core-2.41.5-cp310-cp310-win32.whl", hash = "sha256:1f8d33a7f4d5a7889e60dc39856d76d09333d8a6ed0f5f1190635cbec70ec4ba"},
    {file = "pydantic_core-2.41.5-cp310-cp310-win_amd64.whl", hash = "sha256:62de39db01b8d593e45871af2af9e497295db8d73b085f6bfd0b18c83c70a8f9"},
    {file = "pydantic_core-2.41.5-cp311-cp311-macosx_10_12_x86_64.whl", hash = "sha256:a3a52f6156e73e7ccb0f8cced536adccb7042be67cb45f9562e12b319c119da6"},
    {file = "pydantic_core-2.41.5-cp311-cp311-macosx_11_0_arm64.whl", hash = "sha256:7f3bf998340c6d4b0c9a2f02d6a400e51f123b59565d74dc60d252ce888c260b"},
    {file = "pydantic_core-2.41.5-cp311-cp311-manylinux_2_17_aarch64.manylinux2014_aarch64.whl", hash = "sha256:378bec5c66998815d224c9ca994f1e14c0c21cb95d2f52b6021cc0b2a58f2a5a"},
    {file = "pydantic_core-2.41.5-cp311-cp311-manylinux_2_17_armv7l.manylinux2014_armv7l.whl", hash = "sha256:e7b576130c69225432866fe2f4a469a85a54ade141d96fd396dffcf607b558f8"},
    {file = "pydantic_core-2.41.5-cp311-cp311-manylinux_2_17_ppc64le.manylinux2014_ppc64le.whl", hash = "sha256:6cb58b9c66f7e4179a2d5e0f849c48eff5c1fca560994d6eb6543abf955a149e"},
    {file = "pydantic_core-2.41.5-cp311-cp311-manylinux_2_17_s390x.manylinux2014_s390x.whl", hash = "sha256:88942d3a3dff3afc8288c21e565e476fc278902ae4d6d134f1eeda118cc830b1"},
    {file = "pydantic_core-2.41.5-cp311-cp311-manylinux_2_17_x86_64.manylinux2014_x86_64.whl", hash = "sha256:f31d95a179f8d64d90f6831d71fa93290893a33148d890ba15de25642c5d075b"},
    {file = "pydantic_core-2.41.5-cp311-cp311-manylinux_2_5_i686.manylinux1_i686.whl", hash = "sha256:c1df3d34aced70add6f867a8cf413e299177e0c22660cc767218373d0779487b"},
    {file = "pydantic_core-2.41.5-cp311-cp311-musllinux_1_1_aarch64.whl", hash = "sha256:4009935984bd36bd2c774e13f9a09563ce8de4abaa7226f5108262fa3e637284"},
    {file = "pydantic_core-2.41.5-cp311-cp311-musllinux_1_1_armv7l.whl", hash = "sha256:34a64bc3441dc1213096a20fe27e8e128bd3ff89921706e83c0b1ac971276594"},
    {file = "pydantic_core-2.41.5-cp311-cp311-musllinux_1_1_x86_64.whl", hash = "sha256:c9e19dd6e28fdcaa5a1de679aec4141f691023916427ef9bae8584f9c2fb3b0e"},
    {file = "pydantic_core-2.41.5-cp311-cp311-win32.whl", hash = "sha256:2c010c6ded393148374c0f6f0bf89d206bf3217f201faa0635dcd56bd1520f6b"},
    {file = "pydantic_core-2.41.5-cp311-cp311-win_amd64.whl", hash = "sha256:76ee27c6e9c7f16f47db7a94157112a2f3a00e958bc626e2f4ee8bec5c328fbe"},
    {file = "pydantic_core-2.41.5-cp311-cp311-win_arm64.whl", hash = "sha256:4bc36bbc0b7584de96561184ad7f012478987882ebf9f9c389b23f432ea3d90f"},
    {file = "pydantic_core-2.41.5-cp312-cp312-macosx_10_12_x86_64.whl", hash = "sha256:f41a7489d32336dbf2199c8c0a215390a751c5b014c2c1c5366e817202e9cdf7"},
    {file = "pydantic_core-2.41.5-cp312-cp312-macosx_11_0_arm64.whl", hash = "sha256:070259a8818988b9a84a449a2a7337c7f430a22acc0859c6b110aa7212a6d9c0"},
    {file = "pydantic_core-2.41.5-cp312-cp312-manylinux_2_17_aarch64.manylinux2014_aarch64.whl", hash = "sha256:e96cea19e34778f8d59fe40775a7a574d95816eb150850a85a7a4c8f4b94ac69"},
    {file = "pydantic_core-2.41.5-cp312-cp312-manylinux_2_17_armv7l.manylinux2014_armv7l.whl", hash = "sha256:ed2e99c456e3fadd05c991f8f437ef902e00eedf34320ba2b0842bd1c3ca3a75"},
    {file = "pydantic_core-2.41.5-cp312-cp312-manylinux_2_17_ppc64le.manylinux2014_ppc64le.whl", hash = "sha256:65840751b72fbfd82c3c640cff9284545342a4f1eb1586ad0636955b261b0b05"},
    {file = "pydantic_core-2.41.5-cp312-cp312-manylinux_2_17_s390x.manylinux2014_s390x.whl", hash = "sha256:e536c98a7626a98feb2d3eaf75944ef6f3dbee447e1f841eae16f2f0a72d8ddc"},
    {file = "pydantic_core-2.41.5-cp312-cp312-manylinux_2_17_x86_64.manylinux2014_x86_64.whl", hash = "sha256:eceb81a8d74f9267ef4081e246ffd6d129da5d87e37a77c9bde550cb04870c1c"},
    {file = "pydantic_core-2.41.5-cp312-cp312-manylinux_2_5_i686.manylinux1_i686.whl", hash = "sha256:d38548150c39b74aeeb0ce8ee1d8e82696f4a4e16ddc6de7b1d8823f7de4b9b5"},
    {file = "pydantic_core-2.41.5-cp312-cp312-musllinux_1_1_aarch64.whl", hash = "sha256:c23e27686783f60290e36827f9c626e63154b82b116d7fe9adba1fda36da706c"},
    {file = "pydantic_core-2.41.5-cp312-cp312-musllinux_1_1_armv7l.whl", hash = "sha256:482c982f814460eabe1d3bb0adfdc583387bd4691ef00b90575ca0d2b6fe2294"},
    {file = "pydantic_core-2.41.5-cp312-cp312-musllinux_1_1_x86_64.whl", hash = "sha256:bfea2a5f0b4d8d43adf9d7b8bf019fb46fdd10a2e5cde477fbcb9d1fa08c68e1"},
    {file = "pydantic_core-2.41.5-cp312-cp312-win32.whl", hash = "sha256:b74557b16e390ec12dca509bce9264c3bbd128f8a2c376eaa68003d7f327276d"},
    {file = "pydantic_core-2.41.5-cp312-cp312-win_amd64.whl", hash = "sha256:1962293292865bca8e54702b08a4f26da73adc83dd1fcf26fbc875b35d81c815"},
    {file = "pydantic_core-2.41.5-cp312-cp312-win_arm64.whl", hash = "sha256:1746d4a3d9a794cacae06a5eaaccb4b8643a131d45fbc9af23e353dc0a5ba5c3"},
    {file = "pydantic_core-2.41.5-cp313-cp313-macosx_10_12_x86_64.whl", hash = "sha256:941103c9be18ac8daf7b7adca8228f8ed6bb7a1849020f643b3a14d15b1924d9"},
    {file = "pydantic_core-2.41.5-cp313-cp313-macosx_11_0_arm64.whl", hash = "sha256:112e305c3314f40c93998e567879e887a3160bb8689ef3d2c04b6cc62c33ac34"},
    {file = "pydantic_core-2.41.5-cp313-cp313-manylinux_2_17_aarch64.manylinux2014_aarch64.whl", hash = "sha256:0cbaad15cb0c90aa221d43c00e77bb33c93e8d36e0bf74760cd00e732d10a6a0"},
    {file = "pydantic_core-2.41.5-cp313-cp313-manylinux_2_17_armv7l.manylinux2014_armv7l.whl", hash = "sha256:03ca43e12fab6023fc79d28ca6b39b05f794ad08ec2feccc59a339b02f2b3d33"},
    {file = "pydantic_core-2.41.5-cp313-cp313-manylinux_2_17_ppc64le.manylinux2014_ppc64le.whl", hash = "sha256:dc799088c08fa04e43144b164feb0c13f9a0bc40503f8df3e9fde58a3c0c101e"},
    {file = "pydantic_core-2.41.5-cp313-cp313-manylinux_2_17_s390x.manylinux2014_s390x.whl", hash = "sha256:97aeba56665b4c3235a0e52b2c2f5ae9cd071b8a8310ad27bddb3f7fb30e9aa2"},
    {file = "pydantic_core-2.41.5-cp313-cp313-manylinux_2_17_x86_64.manylinux2014_x86_64.whl", hash = "sha256:406bf18d345822d6c21366031003612b9c77b3e29ffdb0f612367352aab7d586"},
    {file = "pydantic_core-2.41.5-cp313-cp313-manylinux_2_5_i686.manylinux1_i686.whl", hash = "sha256:b93590ae81f7010dbe380cdeab6f515902ebcbefe0b9327cc4804d74e93ae69d"},
    {file = "pydantic_core-2.41.5-cp313-cp313-musllinux_1_1_aarch64.whl", hash = "sha256:01a3d0ab748ee531f4ea6c3e48ad9dac84ddba4b0d82291f87248f2f9de8d740"},
    {file = "pydantic_core-2.41.5-cp313-cp313-musllinux_1_1_armv7l.whl", hash = "sha256:6561e94ba9dacc9c61bce40e2d6bdc3bfaa0259d3ff36ace3b1e6901936d2e3e"},
    {file = "pydantic_core-2.41.5-cp313-cp313-musllinux_1_1_x86_64.whl", hash = "sha256:915c3d10f81bec3a74fbd4faebe8391013ba61e5a1a8d48c4455b923bdda7858"},
    {file = "pydantic_core-2.41.5-cp313-cp313-win32.whl", hash = "sha256:650ae77860b45cfa6e2cdafc42618ceafab3a2d9a3811fcfbd3bbf8ac3c40d36"},
    {file = "pydantic_core-2.41.5-cp313-cp313-win_amd64.whl", hash = "sha256:79ec52ec461e99e13791ec6508c722742ad745571f234ea6255bed38c6480f11"},
    {file = "pydantic_core-2.41.5-cp313-cp313-win_arm64.whl", hash = "sha256:3f84d5c1b4ab906093bdc1ff10484838aca54ef08de4afa9de0f5f14d69639cd"},
    {file = "pydantic_core-2.41.5-cp314-cp314-macosx_10_12_x86_64.whl", hash = "sha256:3f37a19d7ebcdd20b96485056ba9e8b304e27d9904d233d7b1015db320e51f0a"},
    {file = "pydantic_core-2.41.5-cp314-cp314-macosx_11_0_arm64.whl", hash = "sha256:1d1d9764366c73f996edd17abb6d9d7649a7eb690006ab6adbda117717099b14"},
    {file = "pydantic_core-2.41.5-cp314-cp314-manylinux_2_17_aarch64.manylinux2014_aarch64.whl", hash = "sha256:25e1c2af0fce638d5f1988b686f3b3ea8cd7de5f244ca147c777769e798a9cd1"},
    {file = "pydantic_core-2.41.5-cp314-cp314-manylinux_2_17_armv7l.manylinux2014_armv7l.whl", hash = "sha256:506d766a8727beef16b7adaeb8ee6217c64fc813646b424d0804d67c16eddb66"},
    {file = "pydantic_core-2.41.5-cp314-cp314-manylinux_2_17_ppc64le.manylinux2014_ppc64le.whl", hash = "sha256:4819fa52133c9aa3c387b3328f25c1facc356491e6135b459f1de698ff64d869"},
    {file = "pydantic_core-2.41.5-cp314-cp314-manylinux_2_17_s390x.manylinux2014_s390x.whl", hash = "sha256:2b761d210c9ea91feda40d25b4efe82a1707da2ef62901466a42492c028553a2"},
    {file = "pydantic_core-2.41.5-cp314-cp314-manylinux_2_17_x86_64.manylinux2014_x86_64.whl", hash = "sha256:22f0fb8c1c583a3b6f24df2470833b40207e907b90c928cc8d3594b76f874375"},
    {file = "pydantic_core-2.41.5-cp314-cp314-manylinux_2_5_i686.manylinux1_i686.whl", hash = "sha256:2782c870e99878c634505236d81e5443092fba820f0373997ff75f90f68cd553"},
    {file = "pydantic_core-2.41.5-cp314-cp314-musllinux_1_1_aarch64.whl", hash = "sha256:0177272f88ab8312479336e1d777f6b124537d47f2123f89cb37e0accea97f90"},
    {file = "pydantic_core-2.41.5-cp314-cp314-musllinux_1_1_armv7l.whl", hash = "sha256:63510af5e38f8955b8ee5687740d6ebf7c2a0886d15a6d65c32814613681bc07"},
    {file = "pydantic_core-2.41.5-cp314-cp314-musllinux_1_1_x86_64.whl", hash = "sha256:e56ba91f47764cc14f1daacd723e3e82d1a89d783f0f5afe9c364b8bb491ccdb"},
    {file = "pydantic_core-2.41.5-cp314-cp314-win32.whl", hash = "sha256:aec5cf2fd867b4ff45b9959f8b20ea3993fc93e63c7363fe6851424c8a7e7c23"},
    {file = "pydantic_core-2.41.5-cp314-cp314-win_amd64.whl", hash = "sha256:8e7c86f27c585ef37c35e56a96363ab8de4e549a95512445b85c96d3e2f7c1bf"},
    {file = "pydantic_core-2.41.5-cp314-cp314-win_arm64.whl", hash = "sha256:e672ba74fbc2dc8eea59fb6d4aed6845e6905fc2a8afe93175d94a83ba2a01a0"},
    {file = "pydantic_core-2.41.5-cp314-cp314t-macosx_10_12_x86_64.whl", hash = "sha256:8566def80554c3faa0e65ac30ab0932b9e3a5cd7f8323764303d468e5c37595a"},
    {file = "pydantic_core-2.41.5-cp314-cp314t-macosx_11_0_arm64.whl", hash = "sha256:b80aa5095cd3109962a298ce14110ae16b8c1aece8b72f9dafe81cf597ad80b3"},
    {file = "pydantic_core-2.41.5-cp314-cp314t-manylinux_2_17_aarch64.manylinux2014_aarch64.whl", hash = "sha256:3006c3dd9ba34b0c094c544c6006cc79e87d8612999f1a5d43b769b89181f23c"},
    {file = "pydantic_core-2.41.5-cp314-cp314t-manylinux_2_17_armv7l.manylinux2014_armv7l.whl", hash = "sha256:72f6c8b11857a856bcfa48c86f5368439f74453563f951e473514579d44aa612"},
    {file = "pydantic_core-2.41.5-cp314-cp314t-manylinux_2_17_ppc64le.manylinux2014_ppc64le.whl", hash = "sha256:5cb1b2f9742240e4bb26b652a5aeb840aa4b417c7748b6f8387927bc6e45e40d"},
    {file = "pydantic_core-2.41.5-cp314-cp314t-manylinux_2_17_s390x.manylinux2014_s390x.whl", hash = "sha256:bd3d54f38609ff308209bd43acea66061494157703364ae40c951f83ba99a1a9"},
    {file = "pydantic_core-2.41.5-cp314-cp314t-manylinux_2_17_x86_64.manylinux2014_x86_64.whl", hash = "sha256:2ff4321e56e879ee8d2a879501c8e469414d948f4aba74a2d4593184eb326660"},
    {file = "pydantic_core-2.41.5-cp314-cp314t-manylinux_2_5_i686.manylinux1_i686.whl", hash = "sha256:d0d2568a8c11bf8225044aa94409e21da0cb09dcdafe9ecd10250b2baad531a9"},
    {file = "pydantic_core-2.41.5-cp314-cp314t-musllinux_1_1_aarch64.whl", hash = "sha256:a39455728aabd58ceabb03c90e12f71fd30fa69615760a075b9fec596456ccc3"},
    {file = "pydantic_core-2.41.5-cp314-cp314t-musllinux_1_1_armv7l.whl", hash = "sha256:239edca560d05757817c13dc17c50766136d21f7cd0fac50295499ae24f90fdf"},
    {file = "pydantic_core-2.41.5-cp314-cp314t-musllinux_1_1_x86_64.whl", hash = "sha256:2a5e06546e19f24c6a96a129142a75cee553cc018ffee48a460059b1185f4470"},
    {file = "pydantic_core-2.41.5-cp314-cp314t-win32.whl", hash = "sha256:b4ececa40ac28afa90871c2cc2b9ffd2ff0bf749380fbdf57d165fd23da353aa"},
    {file = "pydantic_core-2.41.5-cp314-cp314t-win_amd64.whl", hash = "sha256:80aa89cad80b32a912a65332f64a4450ed00966111b6615ca6816153d3585a8c"},
    {file = "pydantic_core-2.41.5-cp314-cp314t-win_arm64.whl", hash = "sha256:35b44f37a3199f771c3eaa53051bc8a70cd7b54f333531c59e29fd4db5d15008"},
    {file = "pydantic_core-2.41.5-cp39-cp39-macosx_10_12_x86_64.whl", hash = "sha256:8bfeaf8735be79f225f3fefab7f941c712aaca36f1128c9d7e2352ee1aa87bdf"},
    {file = "pydantic_core-2.41.5-cp39-cp39-macosx_11_0_arm64.whl", hash = "sha256:346285d28e4c8017da95144c7f3acd42740d637ff41946af5ce6e5e420502dd5"},
    {file = "pydantic_core-2.41.5-cp39-cp39-manylinux_2_17_aarch64.manylinux2014_aarch64.whl", hash = "sha256:a75dafbf87d6276ddc5b2bf6fae5254e3d0876b626eb24969a574fff9149ee5d"},
    {file = "pydantic_core-2.41.5-cp39-cp39-manylinux_2_17_armv7l.manylinux2014_armv7l.whl", hash = "sha256:7b93a4d08587e2b7e7882de461e82b6ed76d9026ce91ca7915e740ecc7855f60"},
    {file = "pydantic_core-2.41.5-cp39-cp39-manylinux_2_17_ppc64le.manylinux2014_ppc64le.whl", hash = "sha256:e8465ab91a4bd96d36dde3263f06caa6a8a6019e4113f24dc753d79a8b3a3f82"},
    {file = "pydantic_core-2.41.5-cp39-cp39-manylinux_2_17_s390x.manylinux2014_s390x.whl", hash = "sha256:299e0a22e7ae2b85c1a57f104538b2656e8ab1873511fd718a1c1c6f149b77b5"},
    {file = "pydantic_core-2.41.5-cp39-cp39-manylinux_2_17_x86_64.manylinux2014_x86_64.whl", hash = "sha256:707625ef0983fcfb461acfaf14de2067c5942c6bb0f3b4c99158bed6fedd3cf3"},
    {file = "pydantic_core-2.41.5-cp39-cp39-manylinux_2_5_i686.manylinux1_i686.whl", hash = "sha256:f41eb9797986d6ebac5e8edff36d5cef9de40def462311b3eb3eeded1431e425"},
    {file = "pydantic_core-2.41.5-cp39-cp39-musllinux_1_1_aarch64.whl", hash = "sha256:0384e2e1021894b1ff5a786dbf94771e2986ebe2869533874d7e43bc79c6f504"},
    {file = "pydantic_core-2.41.5-cp39-cp39-musllinux_1_1_armv7l.whl", hash = "sha256:f0cd744688278965817fd0839c4a4116add48d23890d468bc436f78beb28abf5"},
    {file = "pydantic_core-2.41.5-cp39-cp39-musllinux_1_1_x86_64.whl", hash = "sha256:753e230374206729bf0a807954bcc6c150d3743928a73faffee51ac6557a03c3"},
    {file = "pydantic_core-2.41.5-cp39-cp39-win32.whl", hash = "sha256:873e0d5b4fb9b89ef7c2d2a963ea7d02879d9da0da8d9d4933dee8ee86a8b460"},
    {file = "pydantic_core-2.41.5-cp39-cp39-win_amd64.whl", hash = "sha256:e4f4a984405e91527a0d62649ee21138f8e3d0ef103be488c1dc11a80d7f184b"},
    {file = "pydantic_core-2.41.5-graalpy311-graalpy242_311_native-macosx_10_12_x86_64.whl", hash = "sha256:b96d5f26b05d03cc60f11a7761a5ded1741da411e7fe0909e27a5e6a0cb7b034"},
    {file = "pydantic_core-2.41.5-graalpy311-graalpy242_311_native-macosx_11_0_arm64.whl", hash = "sha256:634e8609e89ceecea15e2d61bc9ac3718caaaa71963717bf3c8f38bfde64242c"},
    {file = "pydantic_core-2.41.5-graalpy311-graalpy242_311_native-manylinux_2_17_aarch64.manylinux2014_aarch64.whl", hash = "sha256:93e8740d7503eb008aa2df04d3b9735f845d43ae845e6dcd2be0b55a2da43cd2"},
    {file = "pydantic_core-2.41.5-graalpy311-graalpy242_311_native-manylinux_2_17_x86_64.manylinux2014_x86_64.whl", hash = "sha256:f15489ba13d61f670dcc96772e733aad1a6f9c429cc27574c6cdaed82d0146ad"},
    {file = "pydantic_core-2.41.5-graalpy312-graalpy250_312_native-macosx_10_12_x86_64.whl", hash = "sha256:7da7087d756b19037bc2c06edc6c170eeef3c3bafcb8f532ff17d64dc427adfd"},
    {file = "pydantic_core-2.41.5-graalpy312-graalpy250_312_native-macosx_11_0_arm64.whl", hash = "sha256:aabf5777b5c8ca26f7824cb4a120a740c9588ed58df9b2d196ce92fba42ff8dc"},
    {file = "pydantic_core-2.41.5-graalpy312-graalpy250_312_native-manylinux_2_17_aarch64.manylinux2014_aarch64.whl", hash = "sha256:c007fe8a43d43b3969e8469004e9845944f1a80e6acd47c150856bb87f230c56"},
    {file = "pydantic_core-2.41.5-graalpy312-graalpy250_312_native-manylinux_2_17_x86_64.manylinux2014_x86_64.whl", hash = "sha256:76d0819de158cd855d1cbb8fcafdf6f5cf1eb8e470abe056d5d161106e38062b"},
    {file = "pydantic_core-2.41.5-pp310-pypy310_pp73-macosx_10_12_x86_64.whl", hash = "sha256:b5819cd790dbf0c5eb9f82c73c16b39a65dd6dd4d1439dcdea7816ec9adddab8"},
    {file = "pydantic_core-2.41.5-pp310-pypy310_pp73-macosx_11_0_arm64.whl", hash = "sha256:5a4e67afbc95fa5c34cf27d9089bca7fcab4e51e57278d710320a70b956d1b9a"},
    {file = "pydantic_core-2.41.5-pp310-pypy310_pp73-manylinux_2_17_x86_64.manylinux2014_x86_64.whl", hash = "sha256:ece5c59f0ce7d001e017643d8d24da587ea1f74f6993467d85ae8a5ef9d4f42b"},
    {file = "pydantic_core-2.41.5-pp310-pypy310_pp73-manylinux_2_5_i686.manylinux1_i686.whl", hash = "sha256:16f80f7abe3351f8ea6858914ddc8c77e02578544a0ebc15b4c2e1a0e813b0b2"},
    {file = "pydantic_core-2.41.5-pp310-pypy310_pp73-musllinux_1_1_aarch64.whl", hash = "sha256:33cb885e759a705b426baada1fe68cbb0a2e68e34c5d0d0289a364cf01709093"},
    {file = "pydantic_core-2.41.5-pp310-pypy310_pp73-musllinux_1_1_armv7l.whl", hash = "sha256:c8d8b4eb992936023be7dee581270af5c6e0697a8559895f527f5b7105ecd36a"},
    {file = "pydantic_core-2.41.5-pp310-pypy310_pp73-musllinux_1_1_x86_64.whl", hash = "sha256:242a206cd0318f95cd21bdacff3fcc3aab23e79bba5cac3db5a841c9ef9c6963"},
    {file = "pydantic_core-2.41.5-pp310-pypy310_pp73-win_amd64.whl", hash = "sha256:d3a978c4f57a597908b7e697229d996d77a6d3c94901e9edee593adada95ce1a"},
    {file = "pydantic_core-2.41.5-pp311-pypy311_pp73-macosx_10_12_x86_64.whl", hash = "sha256:b2379fa7ed44ddecb5bfe4e48577d752db9fc10be00a6b7446e9663ba143de26"},
    {file = "pydantic_core-2.41.5-pp311-pypy311_pp73-macosx_11_0_arm64.whl", hash = "sha256:266fb4cbf5e3cbd0b53669a6d1b039c45e3ce651fd5442eff4d07c2cc8d66808"},
    {file = "pydantic_core-2.41.5-pp311-pypy311_pp73-manylinux_2_17_x86_64.manylinux2014_x86_64.whl", hash = "sha256:58133647260ea01e4d0500089a8c4f07bd7aa6ce109682b1426394988d8aaacc"},
    {file = "pydantic_core-2.41.5-pp311-pypy311_pp73-manylinux_2_5_i686.manylinux1_i686.whl", hash = "sha256:287dad91cfb551c363dc62899a80e9e14da1f0e2b6ebde82c806612ca2a13ef1"},
    {file = "pydantic_core-2.41.5-pp311-pypy311_pp73-musllinux_1_1_aarch64.whl", hash = "sha256:03b77d184b9eb40240ae9fd676ca364ce1085f203e1b1256f8ab9984dca80a84"},
    {file = "pydantic_core-2.41.5-pp311-pypy311_pp73-musllinux_1_1_armv7l.whl", hash = "sha256:a668ce24de96165bb239160b3d854943128f4334822900534f2fe947930e5770"},
    {file = "pydantic_core-2.41.5-pp311-pypy311_pp73-musllinux_1_1_x86_64.whl", hash = "sha256:f14f8f046c14563f8eb3f45f499cc658ab8d10072961e07225e507adb700e93f"},
    {file = "pydantic_core-2.41.5-pp311-pypy311_pp73-win_amd64.whl", hash = "sha256:56121965f7a4dc965bff783d70b907ddf3d57f6eba29b6d2e5dabfaf07799c51"},
    {file = "pydantic_core-2.41.5.tar.gz", hash = "sha256:08daa51ea16ad373ffd5e7606252cc32f07bc72b28284b6bc9c6df804816476e"},
]

[package.dependencies]
typing-extensions = ">=4.14.1"

[[package]]
name = "typing-extensions"
version = "4.15.0"
description = "Backported and Experimental Type Hints for Python 3.9+"
optional = false
python-versions = ">=3.9"
groups = ["main"]
files = [
    {file = "typing_extensions-4.15.0-py3-none-any.whl", hash = "sha256:f0fa19c6845758ab08074a0cfa8b7aecb71c999ca73d62883bc25cc018c4e548"},
    {file = "typing_extensions-4.15.0.tar.gz", hash = "sha256:0cea48d173cc12fa28ecabc3b837ea3cf6f38c6d1136f85cbaaf598984861466"},
]

[[package]]
name = "typing-inspection"
version = "0.4.2"
description = "Runtime typing introspection tools"
optional = false
python-versions = ">=3.9"
groups = ["main"]
files = [
    {file = "typing_inspection-0.4.2-py3-none-any.whl", hash = "sha256:4ed1cacbdc298c220f1bd249ed5287caa16f34d44ef4e9c3d0cbad5b521545e7"},
    {file = "typing_inspection-0.4.2.tar.gz", hash = "sha256:ba561c48a67c5958007083d386c3295464928b01faa735ab8547c5692e87f464"},
]

[package.dependencies]
typing-extensions = ">=4.12.0"

[[package]]
name = "webencodings"
version = "0.5.1"
description = "Character encoding aliases for legacy web content"
optional = false
python-versions = "*"
groups = ["main"]
files = [
    {file = "webencodings-0.5.1-py2.py3-none-any.whl", hash = "sha256:a0af1213f3c2226497a97e2b3aa01a7e4bee4f403f95be16fc9acd2947514a78"},
    {file = "webencodings-0.5.1.tar.gz", hash = "sha256:b36a1c245f2d304965eb4e0a82848379241dc04b865afcc4aab16748587e1923"},
]

[metadata]
lock-version = "2.1"
python-versions = ">=3.11"
content-hash = "5dfb19b0fba9fb0c155fca87dc8611707a11a6accaead200bdee1c6668c4c696"
